NeoBundleLock html5.vim 9d848a09f0b1a7f2dbb31fc8c4bf8bb7b3638a09
NeoBundleLock vim-sensible 64aa12b07b0be90a8e98bc7be1b5faac4ac873a4
NeoBundleLock vim-css3-syntax 9d848a09f0b1a7f2dbb31fc8c4bf8bb7b3638a09
NeoBundleLock neobundle.vim ecf13a58a90c6d35ebeeeaed248d8c65a4f59840
NeoBundleLock vim-surround 9d848a09f0b1a7f2dbb31fc8c4bf8bb7b3638a09
NeoBundleLock vim-less 9d848a09f0b1a7f2dbb31fc8c4bf8bb7b3638a09
NeoBundleLock pydiction 9d848a09f0b1a7f2dbb31fc8c4bf8bb7b3638a09
NeoBundleLock vim-unimpaired 1bf6f167d4994d7e899a5b27a627e91490850508
NeoBundleLock python-mode 9d848a09f0b1a7f2dbb31fc8c4bf8bb7b3638a09
