NeoBundleLock html5.vim 590ec54d2767aeac0009e9bf16d7fe85f22c4b23
NeoBundleLock vim-sensible 590ec54d2767aeac0009e9bf16d7fe85f22c4b23
NeoBundleLock vim-css3-syntax 590ec54d2767aeac0009e9bf16d7fe85f22c4b23
NeoBundleLock neobundle.vim 14eca907757e83c52713966037799509b9afaf39
NeoBundleLock vim-surround 590ec54d2767aeac0009e9bf16d7fe85f22c4b23
NeoBundleLock vim-less 590ec54d2767aeac0009e9bf16d7fe85f22c4b23
NeoBundleLock pydiction 590ec54d2767aeac0009e9bf16d7fe85f22c4b23
NeoBundleLock vim-unimpaired 590ec54d2767aeac0009e9bf16d7fe85f22c4b23
NeoBundleLock python-mode 590ec54d2767aeac0009e9bf16d7fe85f22c4b23
